
Microsoft Visual Studio Solution File, Format Version 12.00
# Visual Studio Version 17
VisualStudioVersion = 17.4.33213.308
MinimumVisualStudioVersion = 10.0.40219.1
Project("{FAE04EC0-301F-11D3-BF4B-00C04F79EFBC}") = "DragResizeAndAnimation.Server", "Server\DragResizeAndAnimation.Server.csproj", "{4E0AD8F4-F42A-42C7-977B-ADF37D2D688D}"
EndProject
Project("{FAE04EC0-301F-11D3-BF4B-00C04F79EFBC}") = "DragResizeAndAnimation.Client", "Client\DragResizeAndAnimation.Client.csproj", "{C51DF054-D4F4-476B-BEA0-1775B7F4A79A}"
EndProject
Project("{FAE04EC0-301F-11D3-BF4B-00C04F79EFBC}") = "DragResizeAndAnimation.Shared", "Shared\DragResizeAndAnimation.Shared.csproj", "{37C10EDC-B9D1-471D-A52C-94E21F2A0BAD}"
EndProject
Global
	GlobalSection(SolutionConfigurationPlatforms) = preSolution
		Debug|Any CPU = Debug|Any CPU
		Release|Any CPU = Release|Any CPU
	EndGlobalSection
	GlobalSection(ProjectConfigurationPlatforms) = postSolution
		{4E0AD8F4-F42A-42C7-977B-ADF37D2D688D}.Debug|Any CPU.ActiveCfg = Debug|Any CPU
		{4E0AD8F4-F42A-42C7-977B-ADF37D2D688D}.Debug|Any CPU.Build.0 = Debug|Any CPU
		{4E0AD8F4-F42A-42C7-977B-ADF37D2D688D}.Release|Any CPU.ActiveCfg = Release|Any CPU
		{4E0AD8F4-F42A-42C7-977B-ADF37D2D688D}.Release|Any CPU.Build.0 = Release|Any CPU
		{C51DF054-D4F4-476B-BEA0-1775B7F4A79A}.Debug|Any CPU.ActiveCfg = Debug|Any CPU
		{C51DF054-D4F4-476B-BEA0-1775B7F4A79A}.Debug|Any CPU.Build.0 = Debug|Any CPU
		{C51DF054-D4F4-476B-BEA0-1775B7F4A79A}.Release|Any CPU.ActiveCfg = Release|Any CPU
		{C51DF054-D4F4-476B-BEA0-1775B7F4A79A}.Release|Any CPU.Build.0 = Release|Any CPU
		{37C10EDC-B9D1-471D-A52C-94E21F2A0BAD}.Debug|Any CPU.ActiveCfg = Debug|Any CPU
		{37C10EDC-B9D1-471D-A52C-94E21F2A0BAD}.Debug|Any CPU.Build.0 = Debug|Any CPU
		{37C10EDC-B9D1-471D-A52C-94E21F2A0BAD}.Release|Any CPU.ActiveCfg = Release|Any CPU
		{37C10EDC-B9D1-471D-A52C-94E21F2A0BAD}.Release|Any CPU.Build.0 = Release|Any CPU
	EndGlobalSection
	GlobalSection(SolutionProperties) = preSolution
		HideSolutionNode = FALSE
	EndGlobalSection
	GlobalSection(ExtensibilityGlobals) = postSolution
		SolutionGuid = {A61824C4-5343-4E3D-9606-85182B3031ED}
	EndGlobalSection
EndGlobal
